
Microsoft Visual Studio Solution File, Format Version 12.00
# Visual Studio Version 17
VisualStudioVersion = 17.6.33829.357
MinimumVisualStudioVersion = 10.0.40219.1
Project("{9A19103F-16F7-4668-BE54-9A1E7A4F7556}") = "ITLIS", "ITLIS\ITLIS.csproj", "{CB0DDA6A-52C9-4E4E-9146-8F88B92AABC0}"
EndProject
Project("{9A19103F-16F7-4668-BE54-9A1E7A4F7556}") = "ITLIS.DBEngine", "ITLIS.DBEngine\ITLIS.DBEngine.csproj", "{B60EE1E7-E607-48C4-A18A-BD2210C452EB}"
EndProject
Project("{9A19103F-16F7-4668-BE54-9A1E7A4F7556}") = "ITLIS.FrameWork", "ITLIS.FrameWork\ITLIS.FrameWork.csproj", "{E285228A-9D1E-41E5-9D3B-4968F3271B82}"
EndProject
Project("{FAE04EC0-301F-11D3-BF4B-00C04F79EFBC}") = "ITLIS.Models", "ITLIS.Models\ITLIS.Models.csproj", "{D0F5E9CC-A959-4B3A-A3F2-AE45AFFB343F}"
EndProject
Project("{FAE04EC0-301F-11D3-BF4B-00C04F79EFBC}") = "ITLIS.Repository", "ITLIS.Repository\ITLIS.Repository.csproj", "{88C91624-F3D6-4D26-BB44-BDF66E2C6786}"
EndProject
Project("{FAE04EC0-301F-11D3-BF4B-00C04F79EFBC}") = "ITLIS.Service", "ITLIS.Service\ITLIS.Service.csproj", "{E758D93C-343B-4EB9-8017-6237DF1EFEC1}"
EndProject
Global
	GlobalSection(SolutionConfigurationPlatforms) = preSolution
		Debug|Any CPU = Debug|Any CPU
		Release|Any CPU = Release|Any CPU
	EndGlobalSection
	GlobalSection(ProjectConfigurationPlatforms) = postSolution
		{CB0DDA6A-52C9-4E4E-9146-8F88B92AABC0}.Debug|Any CPU.ActiveCfg = Debug|Any CPU
		{CB0DDA6A-52C9-4E4E-9146-8F88B92AABC0}.Debug|Any CPU.Build.0 = Debug|Any CPU
		{CB0DDA6A-52C9-4E4E-9146-8F88B92AABC0}.Release|Any CPU.ActiveCfg = Release|Any CPU
		{CB0DDA6A-52C9-4E4E-9146-8F88B92AABC0}.Release|Any CPU.Build.0 = Release|Any CPU
		{B60EE1E7-E607-48C4-A18A-BD2210C452EB}.Debug|Any CPU.ActiveCfg = Debug|Any CPU
		{B60EE1E7-E607-48C4-A18A-BD2210C452EB}.Debug|Any CPU.Build.0 = Debug|Any CPU
		{B60EE1E7-E607-48C4-A18A-BD2210C452EB}.Release|Any CPU.ActiveCfg = Release|Any CPU
		{B60EE1E7-E607-48C4-A18A-BD2210C452EB}.Release|Any CPU.Build.0 = Release|Any CPU
		{E285228A-9D1E-41E5-9D3B-4968F3271B82}.Debug|Any CPU.ActiveCfg = Debug|Any CPU
		{E285228A-9D1E-41E5-9D3B-4968F3271B82}.Debug|Any CPU.Build.0 = Debug|Any CPU
		{E285228A-9D1E-41E5-9D3B-4968F3271B82}.Release|Any CPU.ActiveCfg = Release|Any CPU
		{E285228A-9D1E-41E5-9D3B-4968F3271B82}.Release|Any CPU.Build.0 = Release|Any CPU
		{D0F5E9CC-A959-4B3A-A3F2-AE45AFFB343F}.Debug|Any CPU.ActiveCfg = Debug|Any CPU
		{D0F5E9CC-A959-4B3A-A3F2-AE45AFFB343F}.Debug|Any CPU.Build.0 = Debug|Any CPU
		{D0F5E9CC-A959-4B3A-A3F2-AE45AFFB343F}.Release|Any CPU.ActiveCfg = Release|Any CPU
		{D0F5E9CC-A959-4B3A-A3F2-AE45AFFB343F}.Release|Any CPU.Build.0 = Release|Any CPU
		{88C91624-F3D6-4D26-BB44-BDF66E2C6786}.Debug|Any CPU.ActiveCfg = Debug|Any CPU
		{88C91624-F3D6-4D26-BB44-BDF66E2C6786}.Debug|Any CPU.Build.0 = Debug|Any CPU
		{88C91624-F3D6-4D26-BB44-BDF66E2C6786}.Release|Any CPU.ActiveCfg = Release|Any CPU
		{88C91624-F3D6-4D26-BB44-BDF66E2C6786}.Release|Any CPU.Build.0 = Release|Any CPU
		{E758D93C-343B-4EB9-8017-6237DF1EFEC1}.Debug|Any CPU.ActiveCfg = Debug|Any CPU
		{E758D93C-343B-4EB9-8017-6237DF1EFEC1}.Debug|Any CPU.Build.0 = Debug|Any CPU
		{E758D93C-343B-4EB9-8017-6237DF1EFEC1}.Release|Any CPU.ActiveCfg = Release|Any CPU
		{E758D93C-343B-4EB9-8017-6237DF1EFEC1}.Release|Any CPU.Build.0 = Release|Any CPU
	EndGlobalSection
	GlobalSection(SolutionProperties) = preSolution
		HideSolutionNode = FALSE
	EndGlobalSection
	GlobalSection(ExtensibilityGlobals) = postSolution
		SolutionGuid = {239FF5B7-9DF1-4CE5-89AE-91CF18271F90}
	EndGlobalSection
EndGlobal
